
Microsoft Visual Studio Solution File, Format Version 12.00
# Visual Studio Version 16
VisualStudioVersion = 16.0.31729.503
MinimumVisualStudioVersion = 10.0.40219.1
Project("{FAE04EC0-301F-11D3-BF4B-00C04F79EFBC}") = "WebApplication4", "WebApplication4\WebApplication4.csproj", "{815EB5DB-1D2E-4450-B34E-136EFF4817D4}"
EndProject
Global
	GlobalSection(SolutionConfigurationPlatforms) = preSolution
		Debug|Any CPU = Debug|Any CPU
		Release|Any CPU = Release|Any CPU
	EndGlobalSection
	GlobalSection(ProjectConfigurationPlatforms) = postSolution
		{815EB5DB-1D2E-4450-B34E-136EFF4817D4}.Debug|Any CPU.ActiveCfg = Debug|Any CPU
		{815EB5DB-1D2E-4450-B34E-136EFF4817D4}.Debug|Any CPU.Build.0 = Debug|Any CPU
		{815EB5DB-1D2E-4450-B34E-136EFF4817D4}.Release|Any CPU.ActiveCfg = Release|Any CPU
		{815EB5DB-1D2E-4450-B34E-136EFF4817D4}.Release|Any CPU.Build.0 = Release|Any CPU
	EndGlobalSection
	GlobalSection(SolutionProperties) = preSolution
		HideSolutionNode = FALSE
	EndGlobalSection
	GlobalSection(ExtensibilityGlobals) = postSolution
		SolutionGuid = {34E1AE58-2DEF-4738-A24F-5567310A670A}
	EndGlobalSection
EndGlobal
