
Microsoft Visual Studio Solution File, Format Version 12.00
# Visual Studio Version 16
VisualStudioVersion = 16.0.31729.503
MinimumVisualStudioVersion = 10.0.40219.1
Project("{FAE04EC0-301F-11D3-BF4B-00C04F79EFBC}") = "personApp", "personApp\personApp.csproj", "{7D03D39E-06B1-499A-B8CF-CF46969E23E9}"
EndProject
Global
	GlobalSection(SolutionConfigurationPlatforms) = preSolution
		Debug|Any CPU = Debug|Any CPU
		Release|Any CPU = Release|Any CPU
	EndGlobalSection
	GlobalSection(ProjectConfigurationPlatforms) = postSolution
		{7D03D39E-06B1-499A-B8CF-CF46969E23E9}.Debug|Any CPU.ActiveCfg = Debug|Any CPU
		{7D03D39E-06B1-499A-B8CF-CF46969E23E9}.Debug|Any CPU.Build.0 = Debug|Any CPU
		{7D03D39E-06B1-499A-B8CF-CF46969E23E9}.Release|Any CPU.ActiveCfg = Release|Any CPU
		{7D03D39E-06B1-499A-B8CF-CF46969E23E9}.Release|Any CPU.Build.0 = Release|Any CPU
	EndGlobalSection
	GlobalSection(SolutionProperties) = preSolution
		HideSolutionNode = FALSE
	EndGlobalSection
	GlobalSection(ExtensibilityGlobals) = postSolution
		SolutionGuid = {3F338F7F-5E99-4CDC-9282-718D04DF5719}
	EndGlobalSection
EndGlobal
