
Microsoft Visual Studio Solution File, Format Version 12.00
# Visual Studio Version 16
VisualStudioVersion = 16.0.31729.503
MinimumVisualStudioVersion = 10.0.40219.1
Project("{FAE04EC0-301F-11D3-BF4B-00C04F79EFBC}") = "methodVoid", "methodVoid\methodVoid.csproj", "{45B0FCCF-2A3C-4D45-8EE3-493320333ED5}"
EndProject
Global
	GlobalSection(SolutionConfigurationPlatforms) = preSolution
		Debug|Any CPU = Debug|Any CPU
		Release|Any CPU = Release|Any CPU
	EndGlobalSection
	GlobalSection(ProjectConfigurationPlatforms) = postSolution
		{45B0FCCF-2A3C-4D45-8EE3-493320333ED5}.Debug|Any CPU.ActiveCfg = Debug|Any CPU
		{45B0FCCF-2A3C-4D45-8EE3-493320333ED5}.Debug|Any CPU.Build.0 = Debug|Any CPU
		{45B0FCCF-2A3C-4D45-8EE3-493320333ED5}.Release|Any CPU.ActiveCfg = Release|Any CPU
		{45B0FCCF-2A3C-4D45-8EE3-493320333ED5}.Release|Any CPU.Build.0 = Release|Any CPU
	EndGlobalSection
	GlobalSection(SolutionProperties) = preSolution
		HideSolutionNode = FALSE
	EndGlobalSection
	GlobalSection(ExtensibilityGlobals) = postSolution
		SolutionGuid = {231DE01B-37A5-4D33-AA02-4673132DF99C}
	EndGlobalSection
EndGlobal
